
Microsoft Visual Studio Solution File, Format Version 12.00
# Visual Studio Version 17
VisualStudioVersion = 17.2.32630.192
MinimumVisualStudioVersion = 10.0.40219.1
Project("{FAE04EC0-301F-11D3-BF4B-00C04F79EFBC}") = "BrutelyOPENED", "BrutelyOPENED\BrutelyOPENED.csproj", "{AEB85C73-8717-4152-8AE8-CF80C5CC4C30}"
EndProject
Global
	GlobalSection(SolutionConfigurationPlatforms) = preSolution
		Debug|Any CPU = Debug|Any CPU
		Release|Any CPU = Release|Any CPU
	EndGlobalSection
	GlobalSection(ProjectConfigurationPlatforms) = postSolution
		{AEB85C73-8717-4152-8AE8-CF80C5CC4C30}.Debug|Any CPU.ActiveCfg = Debug|Any CPU
		{AEB85C73-8717-4152-8AE8-CF80C5CC4C30}.Debug|Any CPU.Build.0 = Debug|Any CPU
		{AEB85C73-8717-4152-8AE8-CF80C5CC4C30}.Release|Any CPU.ActiveCfg = Release|Any CPU
		{AEB85C73-8717-4152-8AE8-CF80C5CC4C30}.Release|Any CPU.Build.0 = Release|Any CPU
	EndGlobalSection
	GlobalSection(SolutionProperties) = preSolution
		HideSolutionNode = FALSE
	EndGlobalSection
	GlobalSection(ExtensibilityGlobals) = postSolution
		SolutionGuid = {2A89938C-4E67-48E5-A9C0-A5DAB2907CC9}
	EndGlobalSection
EndGlobal
